// !$*UTF8*$!
{
	archiveVersion = 1;
	classes = {
	};
	objectVersion = 55;
	objects = {

/* Begin PBXBuildFile section */
		2CD0C73E4D085CEC5B12C3AA /* Pods_Ecommerce_Concept.framework in Frameworks */ = {isa = PBXBuildFile; fileRef = 8F42065387F38BC363E5946C /* Pods_Ecommerce_Concept.framework */; };
		842408AC296B24A700F54854 /* ProductSpecificationStackView.swift in Sources */ = {isa = PBXBuildFile; fileRef = 842408AB296B24A700F54854 /* ProductSpecificationStackView.swift */; };
		842408B0296B3A4D00F54854 /* UIImage+Extension.swift in Sources */ = {isa = PBXBuildFile; fileRef = 842408AF296B3A4D00F54854 /* UIImage+Extension.swift */; };
		84351C402959998E00BAEDA8 /* BottomSheetFilterPresentationController.swift in Sources */ = {isa = PBXBuildFile; fileRef = 84351C3F2959998E00BAEDA8 /* BottomSheetFilterPresentationController.swift */; };
		84351C4229599A5500BAEDA8 /* BottomSheetFilterTransitioningDelegate.swift in Sources */ = {isa = PBXBuildFile; fileRef = 84351C4129599A5500BAEDA8 /* BottomSheetFilterTransitioningDelegate.swift */; };
		84351C472959BA6000BAEDA8 /* FilterParametersTableViewCell.swift in Sources */ = {isa = PBXBuildFile; fileRef = 84351C462959BA6000BAEDA8 /* FilterParametersTableViewCell.swift */; };
		84351C492959BFA800BAEDA8 /* FilterParametersTableViewHeader.swift in Sources */ = {isa = PBXBuildFile; fileRef = 84351C482959BFA800BAEDA8 /* FilterParametersTableViewHeader.swift */; };
		843954C42941FCBE00651BAC /* AppDelegate.swift in Sources */ = {isa = PBXBuildFile; fileRef = 843954C32941FCBE00651BAC /* AppDelegate.swift */; };
		843954C82941FCBE00651BAC /* HomeStoreControllerView.swift in Sources */ = {isa = PBXBuildFile; fileRef = 843954C72941FCBE00651BAC /* HomeStoreControllerView.swift */; };
		843954CD2941FCBF00651BAC /* Assets.xcassets in Resources */ = {isa = PBXBuildFile; fileRef = 843954CC2941FCBF00651BAC /* Assets.xcassets */; };
		843954D02941FCBF00651BAC /* LaunchScreen.storyboard in Resources */ = {isa = PBXBuildFile; fileRef = 843954CE2941FCBF00651BAC /* LaunchScreen.storyboard */; };
		8451B26A2968241E0072D4E2 /* String+Extension.swift in Sources */ = {isa = PBXBuildFile; fileRef = 8451B2692968241E0072D4E2 /* String+Extension.swift */; };
		8469A84F294DC83F00FFA281 /* UIStackView+Exension.swift in Sources */ = {isa = PBXBuildFile; fileRef = 8469A84E294DC83F00FFA281 /* UIStackView+Exension.swift */; };
		8469A851294DC90100FFA281 /* UIColor+Extension.swift in Sources */ = {isa = PBXBuildFile; fileRef = 8469A850294DC90100FFA281 /* UIColor+Extension.swift */; };
		8469A853294DCD1800FFA281 /* UILabel+Extension.swift in Sources */ = {isa = PBXBuildFile; fileRef = 8469A852294DCD1800FFA281 /* UILabel+Extension.swift */; };
		8469A85B294DCE8900FFA281 /* MarkPro-Medium.ttf in Resources */ = {isa = PBXBuildFile; fileRef = 8469A857294DCE8900FFA281 /* MarkPro-Medium.ttf */; };
		8469A85C294DCE8900FFA281 /* MarkPro-Bold.ttf in Resources */ = {isa = PBXBuildFile; fileRef = 8469A858294DCE8900FFA281 /* MarkPro-Bold.ttf */; };
		8469A85D294DCE8900FFA281 /* MarkPro-Regular.ttf in Resources */ = {isa = PBXBuildFile; fileRef = 8469A859294DCE8900FFA281 /* MarkPro-Regular.ttf */; };
		8469A85E294DCE8900FFA281 /* MarkPro-Heavy.ttf in Resources */ = {isa = PBXBuildFile; fileRef = 8469A85A294DCE8900FFA281 /* MarkPro-Heavy.ttf */; };
		8469A860294DCFBE00FFA281 /* UIFont+Extension.swift in Sources */ = {isa = PBXBuildFile; fileRef = 8469A85F294DCFBE00FFA281 /* UIFont+Extension.swift */; };
		8469A862294DD69100FFA281 /* CustomButton.swift in Sources */ = {isa = PBXBuildFile; fileRef = 8469A861294DD69100FFA281 /* CustomButton.swift */; };
		8469A864294DD95800FFA281 /* UIImageView+Extension.swift in Sources */ = {isa = PBXBuildFile; fileRef = 8469A863294DD95800FFA281 /* UIImageView+Extension.swift */; };
		8469A867294DDE9C00FFA281 /* UIButton+Extension.swift in Sources */ = {isa = PBXBuildFile; fileRef = 8469A866294DDE9C00FFA281 /* UIButton+Extension.swift */; };
		846F55FB2955BF150091742F /* HomeStoreViewModel.swift in Sources */ = {isa = PBXBuildFile; fileRef = 846F55FA2955BF150091742F /* HomeStoreViewModel.swift */; };
		846F55FF2955BFA70091742F /* HomeStoreViewModelType.swift in Sources */ = {isa = PBXBuildFile; fileRef = 846F55FE2955BFA70091742F /* HomeStoreViewModelType.swift */; };
		846F56032955C3310091742F /* SelectCategoryCellViewModelType.swift in Sources */ = {isa = PBXBuildFile; fileRef = 846F56022955C3310091742F /* SelectCategoryCellViewModelType.swift */; };
		846F56052955C3C30091742F /* HotSalesCellViewModelType.swift in Sources */ = {isa = PBXBuildFile; fileRef = 846F56042955C3C30091742F /* HotSalesCellViewModelType.swift */; };
		846F56072955C48B0091742F /* BestSellerCellViewModelType.swift in Sources */ = {isa = PBXBuildFile; fileRef = 846F56062955C48B0091742F /* BestSellerCellViewModelType.swift */; };
		846F560A2955D8F30091742F /* BestSellerCellViewModel.swift in Sources */ = {isa = PBXBuildFile; fileRef = 846F56092955D8F30091742F /* BestSellerCellViewModel.swift */; };
		846F560D2955DA020091742F /* MainNetworkModel.swift in Sources */ = {isa = PBXBuildFile; fileRef = 846F560C2955DA020091742F /* MainNetworkModel.swift */; };
		846F560F2955DA1E0091742F /* HotSalesModel.swift in Sources */ = {isa = PBXBuildFile; fileRef = 846F560E2955DA1E0091742F /* HotSalesModel.swift */; };
		846F56112955DA340091742F /* BestSellerModel.swift in Sources */ = {isa = PBXBuildFile; fileRef = 846F56102955DA340091742F /* BestSellerModel.swift */; };
		846F56142955E4F20091742F /* NetworkManager.swift in Sources */ = {isa = PBXBuildFile; fileRef = 846F56132955E4F20091742F /* NetworkManager.swift */; };
		846F56162956045A0091742F /* SelectCategoryCellViewModel.swift in Sources */ = {isa = PBXBuildFile; fileRef = 846F56152956045A0091742F /* SelectCategoryCellViewModel.swift */; };
		8470F12A2956DFC7005BB3BC /* HotSalesCellViewModel.swift in Sources */ = {isa = PBXBuildFile; fileRef = 8470F1292956DFC7005BB3BC /* HotSalesCellViewModel.swift */; };
		8470F12D2957890D005BB3BC /* BottomSheetFilterControllerView.swift in Sources */ = {isa = PBXBuildFile; fileRef = 8470F12C2957890D005BB3BC /* BottomSheetFilterControllerView.swift */; };
		8470F12F2957AD6A005BB3BC /* CoordinatorProtocol.swift in Sources */ = {isa = PBXBuildFile; fileRef = 8470F12E2957AD6A005BB3BC /* CoordinatorProtocol.swift */; };
		8470F1322957AE19005BB3BC /* Coordinator.swift in Sources */ = {isa = PBXBuildFile; fileRef = 8470F1312957AE19005BB3BC /* Coordinator.swift */; };
		8470F1342958575A005BB3BC /* BottomSheetFilterpresentationControllerViewModel.swift in Sources */ = {isa = PBXBuildFile; fileRef = 8470F1332958575A005BB3BC /* BottomSheetFilterpresentationControllerViewModel.swift */; };
		8470F13629585783005BB3BC /* BottomSheetFilterpresentationControllerViewModelType.swift in Sources */ = {isa = PBXBuildFile; fileRef = 8470F13529585783005BB3BC /* BottomSheetFilterpresentationControllerViewModelType.swift */; };
		849EDF462965D939005DD0FC /* ProductDetailsViewController.swift in Sources */ = {isa = PBXBuildFile; fileRef = 849EDF452965D939005DD0FC /* ProductDetailsViewController.swift */; };
		849EDF4A2965ECB9005DD0FC /* PhonePhotoCell.swift in Sources */ = {isa = PBXBuildFile; fileRef = 849EDF492965ECB9005DD0FC /* PhonePhotoCell.swift */; };
		849EDF4E2965F2C7005DD0FC /* ProductDetailsViewViewModelType.swift in Sources */ = {isa = PBXBuildFile; fileRef = 849EDF4D2965F2C7005DD0FC /* ProductDetailsViewViewModelType.swift */; };
		849EDF502965F51C005DD0FC /* ProductDetailsViewViewModel.swift in Sources */ = {isa = PBXBuildFile; fileRef = 849EDF4F2965F51C005DD0FC /* ProductDetailsViewViewModel.swift */; };
		84A33C9B2950A5970019BB1E /* Int+Extension.swift in Sources */ = {isa = PBXBuildFile; fileRef = 84A33C9A2950A5970019BB1E /* Int+Extension.swift */; };
		84B53F3C296C1BE700FEE0A3 /* CartViewController.swift in Sources */ = {isa = PBXBuildFile; fileRef = 84B53F3B296C1BE700FEE0A3 /* CartViewController.swift */; };
		84B53F3E296C6CA800FEE0A3 /* CartListViewCell.swift in Sources */ = {isa = PBXBuildFile; fileRef = 84B53F3D296C6CA800FEE0A3 /* CartListViewCell.swift */; };
		84B53F42296C745B00FEE0A3 /* EditModelAmountStepper.swift in Sources */ = {isa = PBXBuildFile; fileRef = 84B53F41296C745B00FEE0A3 /* EditModelAmountStepper.swift */; };
		84DD1FA6294CB6EE009C766F /* HomeStoreSectionsModel.swift in Sources */ = {isa = PBXBuildFile; fileRef = 84DD1FA5294CB6EE009C766F /* HomeStoreSectionsModel.swift */; };
		84E1EF5E2966FD4100525FD4 /* ProductDetailData.swift in Sources */ = {isa = PBXBuildFile; fileRef = 84E1EF5D2966FD4100525FD4 /* ProductDetailData.swift */; };
		84E6C51B295C6FB50050ABA5 /* BottomSheetFilterViewViewModel.swift in Sources */ = {isa = PBXBuildFile; fileRef = 84E6C51A295C6FB50050ABA5 /* BottomSheetFilterViewViewModel.swift */; };
		84E6C51D295C6FD80050ABA5 /* BottomSheetFilterViewViewModelType.swift in Sources */ = {isa = PBXBuildFile; fileRef = 84E6C51C295C6FD80050ABA5 /* BottomSheetFilterViewViewModelType.swift */; };
		84E9123D2949FFEC00812437 /* SelectCategoryCell.swift in Sources */ = {isa = PBXBuildFile; fileRef = 84E9123C2949FFEC00812437 /* SelectCategoryCell.swift */; };
		84E9123F294A000900812437 /* SelectCategoryHeader.swift in Sources */ = {isa = PBXBuildFile; fileRef = 84E9123E294A000900812437 /* SelectCategoryHeader.swift */; };
		84E91241294A005100812437 /* UIView+Extension.swift in Sources */ = {isa = PBXBuildFile; fileRef = 84E91240294A005100812437 /* UIView+Extension.swift */; };
		84E91243294A0F2B00812437 /* HotSalesHeader.swift in Sources */ = {isa = PBXBuildFile; fileRef = 84E91242294A0F2B00812437 /* HotSalesHeader.swift */; };
		84E91245294A0F5C00812437 /* HotSalesCell.swift in Sources */ = {isa = PBXBuildFile; fileRef = 84E91244294A0F5C00812437 /* HotSalesCell.swift */; };
		84E91247294A113400812437 /* SelectCategoryFooter.swift in Sources */ = {isa = PBXBuildFile; fileRef = 84E91246294A113400812437 /* SelectCategoryFooter.swift */; };
		84E91249294A17CA00812437 /* CategoryItemModel.swift in Sources */ = {isa = PBXBuildFile; fileRef = 84E91248294A17CA00812437 /* CategoryItemModel.swift */; };
		84E91256294A39B000812437 /* BestSellerHeader.swift in Sources */ = {isa = PBXBuildFile; fileRef = 84E91255294A39B000812437 /* BestSellerHeader.swift */; };
		84E91258294A3A3700812437 /* BestSellerCell.swift in Sources */ = {isa = PBXBuildFile; fileRef = 84E91257294A3A3700812437 /* BestSellerCell.swift */; };
/* End PBXBuildFile section */

/* Begin PBXFileReference section */
		842408AB296B24A700F54854 /* ProductSpecificationStackView.swift */ = {isa = PBXFileReference; lastKnownFileType = sourcecode.swift; path = ProductSpecificationStackView.swift; sourceTree = "<group>"; };
		842408AF296B3A4D00F54854 /* UIImage+Extension.swift */ = {isa = PBXFileReference; lastKnownFileType = sourcecode.swift; path = "UIImage+Extension.swift"; sourceTree = "<group>"; };
		84351C3F2959998E00BAEDA8 /* BottomSheetFilterPresentationController.swift */ = {isa = PBXFileReference; lastKnownFileType = sourcecode.swift; path = BottomSheetFilterPresentationController.swift; sourceTree = "<group>"; };
		84351C4129599A5500BAEDA8 /* BottomSheetFilterTransitioningDelegate.swift */ = {isa = PBXFileReference; lastKnownFileType = sourcecode.swift; path = BottomSheetFilterTransitioningDelegate.swift; sourceTree = "<group>"; };
		84351C462959BA6000BAEDA8 /* FilterParametersTableViewCell.swift */ = {isa = PBXFileReference; lastKnownFileType = sourcecode.swift; path = FilterParametersTableViewCell.swift; sourceTree = "<group>"; };
		84351C482959BFA800BAEDA8 /* FilterParametersTableViewHeader.swift */ = {isa = PBXFileReference; lastKnownFileType = sourcecode.swift; path = FilterParametersTableViewHeader.swift; sourceTree = "<group>"; };
		843954C02941FCBE00651BAC /* Ecommerce-Concept.app */ = {isa = PBXFileReference; explicitFileType = wrapper.application; includeInIndex = 0; path = "Ecommerce-Concept.app"; sourceTree = BUILT_PRODUCTS_DIR; };
		843954C32941FCBE00651BAC /* AppDelegate.swift */ = {isa = PBXFileReference; lastKnownFileType = sourcecode.swift; path = AppDelegate.swift; sourceTree = "<group>"; };
		843954C72941FCBE00651BAC /* HomeStoreControllerView.swift */ = {isa = PBXFileReference; lastKnownFileType = sourcecode.swift; path = HomeStoreControllerView.swift; sourceTree = "<group>"; };
		843954CC2941FCBF00651BAC /* Assets.xcassets */ = {isa = PBXFileReference; lastKnownFileType = folder.assetcatalog; path = Assets.xcassets; sourceTree = "<group>"; };
		843954CF2941FCBF00651BAC /* Base */ = {isa = PBXFileReference; lastKnownFileType = file.storyboard; name = Base; path = Base.lproj/LaunchScreen.storyboard; sourceTree = "<group>"; };
		843954D12941FCBF00651BAC /* Info.plist */ = {isa = PBXFileReference; lastKnownFileType = text.plist.xml; path = Info.plist; sourceTree = "<group>"; };
		8451B2692968241E0072D4E2 /* String+Extension.swift */ = {isa = PBXFileReference; lastKnownFileType = sourcecode.swift; path = "String+Extension.swift"; sourceTree = "<group>"; };
		8469A84E294DC83F00FFA281 /* UIStackView+Exension.swift */ = {isa = PBXFileReference; lastKnownFileType = sourcecode.swift; path = "UIStackView+Exension.swift"; sourceTree = "<group>"; };
		8469A850294DC90100FFA281 /* UIColor+Extension.swift */ = {isa = PBXFileReference; lastKnownFileType = sourcecode.swift; path = "UIColor+Extension.swift"; sourceTree = "<group>"; };
		8469A852294DCD1800FFA281 /* UILabel+Extension.swift */ = {isa = PBXFileReference; lastKnownFileType = sourcecode.swift; path = "UILabel+Extension.swift"; sourceTree = "<group>"; };
		8469A857294DCE8900FFA281 /* MarkPro-Medium.ttf */ = {isa = PBXFileReference; lastKnownFileType = file; path = "MarkPro-Medium.ttf"; sourceTree = "<group>"; };
		8469A858294DCE8900FFA281 /* MarkPro-Bold.ttf */ = {isa = PBXFileReference; lastKnownFileType = file; path = "MarkPro-Bold.ttf"; sourceTree = "<group>"; };
		8469A859294DCE8900FFA281 /* MarkPro-Regular.ttf */ = {isa = PBXFileReference; lastKnownFileType = file; path = "MarkPro-Regular.ttf"; sourceTree = "<group>"; };
		8469A85A294DCE8900FFA281 /* MarkPro-Heavy.ttf */ = {isa = PBXFileReference; lastKnownFileType = file; path = "MarkPro-Heavy.ttf"; sourceTree = "<group>"; };
		8469A85F294DCFBE00FFA281 /* UIFont+Extension.swift */ = {isa = PBXFileReference; lastKnownFileType = sourcecode.swift; path = "UIFont+Extension.swift"; sourceTree = "<group>"; };
		8469A861294DD69100FFA281 /* CustomButton.swift */ = {isa = PBXFileReference; lastKnownFileType = sourcecode.swift; path = CustomButton.swift; sourceTree = "<group>"; };
		8469A863294DD95800FFA281 /* UIImageView+Extension.swift */ = {isa = PBXFileReference; lastKnownFileType = sourcecode.swift; path = "UIImageView+Extension.swift"; sourceTree = "<group>"; };
		8469A866294DDE9C00FFA281 /* UIButton+Extension.swift */ = {isa = PBXFileReference; lastKnownFileType = sourcecode.swift; path = "UIButton+Extension.swift"; sourceTree = "<group>"; };
		846F55FA2955BF150091742F /* HomeStoreViewModel.swift */ = {isa = PBXFileReference; lastKnownFileType = sourcecode.swift; path = HomeStoreViewModel.swift; sourceTree = "<group>"; };
		846F55FE2955BFA70091742F /* HomeStoreViewModelType.swift */ = {isa = PBXFileReference; lastKnownFileType = sourcecode.swift; path = HomeStoreViewModelType.swift; sourceTree = "<group>"; };
		846F56022955C3310091742F /* SelectCategoryCellViewModelType.swift */ = {isa = PBXFileReference; lastKnownFileType = sourcecode.swift; path = SelectCategoryCellViewModelType.swift; sourceTree = "<group>"; };
		846F56042955C3C30091742F /* HotSalesCellViewModelType.swift */ = {isa = PBXFileReference; lastKnownFileType = sourcecode.swift; path = HotSalesCellViewModelType.swift; sourceTree = "<group>"; };
		846F56062955C48B0091742F /* BestSellerCellViewModelType.swift */ = {isa = PBXFileReference; lastKnownFileType = sourcecode.swift; path = BestSellerCellViewModelType.swift; sourceTree = "<group>"; };
		846F56092955D8F30091742F /* BestSellerCellViewModel.swift */ = {isa = PBXFileReference; lastKnownFileType = sourcecode.swift; path = BestSellerCellViewModel.swift; sourceTree = "<group>"; };
		846F560C2955DA020091742F /* MainNetworkModel.swift */ = {isa = PBXFileReference; lastKnownFileType = sourcecode.swift; path = MainNetworkModel.swift; sourceTree = "<group>"; };
		846F560E2955DA1E0091742F /* HotSalesModel.swift */ = {isa = PBXFileReference; lastKnownFileType = sourcecode.swift; path = HotSalesModel.swift; sourceTree = "<group>"; };
		846F56102955DA340091742F /* BestSellerModel.swift */ = {isa = PBXFileReference; lastKnownFileType = sourcecode.swift; path = BestSellerModel.swift; sourceTree = "<group>"; };
		846F56132955E4F20091742F /* NetworkManager.swift */ = {isa = PBXFileReference; lastKnownFileType = sourcecode.swift; path = NetworkManager.swift; sourceTree = "<group>"; };
		846F56152956045A0091742F /* SelectCategoryCellViewModel.swift */ = {isa = PBXFileReference; lastKnownFileType = sourcecode.swift; path = SelectCategoryCellViewModel.swift; sourceTree = "<group>"; };
		8470F1292956DFC7005BB3BC /* HotSalesCellViewModel.swift */ = {isa = PBXFileReference; lastKnownFileType = sourcecode.swift; path = HotSalesCellViewModel.swift; sourceTree = "<group>"; };
		8470F12C2957890D005BB3BC /* BottomSheetFilterControllerView.swift */ = {isa = PBXFileReference; lastKnownFileType = sourcecode.swift; path = BottomSheetFilterControllerView.swift; sourceTree = "<group>"; };
		8470F12E2957AD6A005BB3BC /* CoordinatorProtocol.swift */ = {isa = PBXFileReference; lastKnownFileType = sourcecode.swift; path = CoordinatorProtocol.swift; sourceTree = "<group>"; };
		8470F1312957AE19005BB3BC /* Coordinator.swift */ = {isa = PBXFileReference; lastKnownFileType = sourcecode.swift; path = Coordinator.swift; sourceTree = "<group>"; };
		8470F1332958575A005BB3BC /* BottomSheetFilterpresentationControllerViewModel.swift */ = {isa = PBXFileReference; lastKnownFileType = sourcecode.swift; path = BottomSheetFilterpresentationControllerViewModel.swift; sourceTree = "<group>"; };
		8470F13529585783005BB3BC /* BottomSheetFilterpresentationControllerViewModelType.swift */ = {isa = PBXFileReference; lastKnownFileType = sourcecode.swift; path = BottomSheetFilterpresentationControllerViewModelType.swift; sourceTree = "<group>"; };
		849EDF452965D939005DD0FC /* ProductDetailsViewController.swift */ = {isa = PBXFileReference; lastKnownFileType = sourcecode.swift; path = ProductDetailsViewController.swift; sourceTree = "<group>"; };
		849EDF492965ECB9005DD0FC /* PhonePhotoCell.swift */ = {isa = PBXFileReference; lastKnownFileType = sourcecode.swift; path = PhonePhotoCell.swift; sourceTree = "<group>"; };
		849EDF4D2965F2C7005DD0FC /* ProductDetailsViewViewModelType.swift */ = {isa = PBXFileReference; lastKnownFileType = sourcecode.swift; path = ProductDetailsViewViewModelType.swift; sourceTree = "<group>"; };
		849EDF4F2965F51C005DD0FC /* ProductDetailsViewViewModel.swift */ = {isa = PBXFileReference; lastKnownFileType = sourcecode.swift; path = ProductDetailsViewViewModel.swift; sourceTree = "<group>"; };
		84A33C9A2950A5970019BB1E /* Int+Extension.swift */ = {isa = PBXFileReference; lastKnownFileType = sourcecode.swift; path = "Int+Extension.swift"; sourceTree = "<group>"; };
		84B53F3B296C1BE700FEE0A3 /* CartViewController.swift */ = {isa = PBXFileReference; lastKnownFileType = sourcecode.swift; path = CartViewController.swift; sourceTree = "<group>"; };
		84B53F3D296C6CA800FEE0A3 /* CartListViewCell.swift */ = {isa = PBXFileReference; lastKnownFileType = sourcecode.swift; path = CartListViewCell.swift; sourceTree = "<group>"; };
		84B53F41296C745B00FEE0A3 /* EditModelAmountStepper.swift */ = {isa = PBXFileReference; lastKnownFileType = sourcecode.swift; path = EditModelAmountStepper.swift; sourceTree = "<group>"; };
		84DD1FA5294CB6EE009C766F /* HomeStoreSectionsModel.swift */ = {isa = PBXFileReference; lastKnownFileType = sourcecode.swift; path = HomeStoreSectionsModel.swift; sourceTree = "<group>"; };
		84E1EF5D2966FD4100525FD4 /* ProductDetailData.swift */ = {isa = PBXFileReference; lastKnownFileType = sourcecode.swift; path = ProductDetailData.swift; sourceTree = "<group>"; };
		84E6C51A295C6FB50050ABA5 /* BottomSheetFilterViewViewModel.swift */ = {isa = PBXFileReference; lastKnownFileType = sourcecode.swift; path = BottomSheetFilterViewViewModel.swift; sourceTree = "<group>"; };
		84E6C51C295C6FD80050ABA5 /* BottomSheetFilterViewViewModelType.swift */ = {isa = PBXFileReference; lastKnownFileType = sourcecode.swift; path = BottomSheetFilterViewViewModelType.swift; sourceTree = "<group>"; };
		84E9123C2949FFEC00812437 /* SelectCategoryCell.swift */ = {isa = PBXFileReference; lastKnownFileType = sourcecode.swift; path = SelectCategoryCell.swift; sourceTree = "<group>"; };
		84E9123E294A000900812437 /* SelectCategoryHeader.swift */ = {isa = PBXFileReference; lastKnownFileType = sourcecode.swift; path = SelectCategoryHeader.swift; sourceTree = "<group>"; };
		84E91240294A005100812437 /* UIView+Extension.swift */ = {isa = PBXFileReference; lastKnownFileType = sourcecode.swift; path = "UIView+Extension.swift"; sourceTree = "<group>"; };
		84E91242294A0F2B00812437 /* HotSalesHeader.swift */ = {isa = PBXFileReference; lastKnownFileType = sourcecode.swift; path = HotSalesHeader.swift; sourceTree = "<group>"; };
		84E91244294A0F5C00812437 /* HotSalesCell.swift */ = {isa = PBXFileReference; lastKnownFileType = sourcecode.swift; path = HotSalesCell.swift; sourceTree = "<group>"; };
		84E91246294A113400812437 /* SelectCategoryFooter.swift */ = {isa = PBXFileReference; lastKnownFileType = sourcecode.swift; path = SelectCategoryFooter.swift; sourceTree = "<group>"; };
		84E91248294A17CA00812437 /* CategoryItemModel.swift */ = {isa = PBXFileReference; lastKnownFileType = sourcecode.swift; path = CategoryItemModel.swift; sourceTree = "<group>"; };
		84E91255294A39B000812437 /* BestSellerHeader.swift */ = {isa = PBXFileReference; lastKnownFileType = sourcecode.swift; path = BestSellerHeader.swift; sourceTree = "<group>"; };
		84E91257294A3A3700812437 /* BestSellerCell.swift */ = {isa = PBXFileReference; lastKnownFileType = sourcecode.swift; path = BestSellerCell.swift; sourceTree = "<group>"; };
		8F42065387F38BC363E5946C /* Pods_Ecommerce_Concept.framework */ = {isa = PBXFileReference; explicitFileType = wrapper.framework; includeInIndex = 0; path = Pods_Ecommerce_Concept.framework; sourceTree = BUILT_PRODUCTS_DIR; };
		A0C2FCC59E6890FB472BBF22 /* Pods-Ecommerce-Concept.release.xcconfig */ = {isa = PBXFileReference; includeInIndex = 1; lastKnownFileType = text.xcconfig; name = "Pods-Ecommerce-Concept.release.xcconfig"; path = "Target Support Files/Pods-Ecommerce-Concept/Pods-Ecommerce-Concept.release.xcconfig"; sourceTree = "<group>"; };
		C9AC5BA632CEF2F36E5699E9 /* Pods-Ecommerce-Concept.debug.xcconfig */ = {isa = PBXFileReference; includeInIndex = 1; lastKnownFileType = text.xcconfig; name = "Pods-Ecommerce-Concept.debug.xcconfig"; path = "Target Support Files/Pods-Ecommerce-Concept/Pods-Ecommerce-Concept.debug.xcconfig"; sourceTree = "<group>"; };
/* End PBXFileReference section */

/* Begin PBXFrameworksBuildPhase section */
		843954BD2941FCBE00651BAC /* Frameworks */ = {
			isa = PBXFrameworksBuildPhase;
			buildActionMask = 2147483647;
			files = (
				2CD0C73E4D085CEC5B12C3AA /* Pods_Ecommerce_Concept.framework in Frameworks */,
			);
			runOnlyForDeploymentPostprocessing = 0;
		};
/* End PBXFrameworksBuildPhase section */

/* Begin PBXGroup section */
		13B4CB17FFDC92760E6DABF8 /* Frameworks */ = {
			isa = PBXGroup;
			children = (
				8F42065387F38BC363E5946C /* Pods_Ecommerce_Concept.framework */,
			);
			name = Frameworks;
			sourceTree = "<group>";
		};
		84351C3E2959991C00BAEDA8 /* BottomSheetFilterView */ = {
			isa = PBXGroup;
			children = (
				84351C442959BA1800BAEDA8 /* FilterParametersTableViewContent */,
				8470F12C2957890D005BB3BC /* BottomSheetFilterControllerView.swift */,
				84351C3F2959998E00BAEDA8 /* BottomSheetFilterPresentationController.swift */,
				84351C4129599A5500BAEDA8 /* BottomSheetFilterTransitioningDelegate.swift */,
			);
			path = BottomSheetFilterView;
			sourceTree = "<group>";
		};
		84351C432959A55E00BAEDA8 /* Helpers */ = {
			isa = PBXGroup;
			children = (
				8469A865294DDE8B00FFA281 /* CustomViews */,
				846F55FC2955BF780091742F /* Protocols */,
				846F56122955E4D50091742F /* NetworkManagers */,
				84E91254294A397600812437 /* Extensions */,
			);
			path = Helpers;
			sourceTree = "<group>";
		};
		84351C442959BA1800BAEDA8 /* FilterParametersTableViewContent */ = {
			isa = PBXGroup;
			children = (
				84351C452959BA3F00BAEDA8 /* Views */,
			);
			path = FilterParametersTableViewContent;
			sourceTree = "<group>";
		};
		84351C452959BA3F00BAEDA8 /* Views */ = {
			isa = PBXGroup;
			children = (
				84351C462959BA6000BAEDA8 /* FilterParametersTableViewCell.swift */,
				84351C482959BFA800BAEDA8 /* FilterParametersTableViewHeader.swift */,
			);
			path = Views;
			sourceTree = "<group>";
		};
		843954B72941FCBE00651BAC = {
			isa = PBXGroup;
			children = (
				843954C22941FCBE00651BAC /* Ecommerce-Concept */,
				843954C12941FCBE00651BAC /* Products */,
				DF507AD0E357278A95B5170A /* Pods */,
				13B4CB17FFDC92760E6DABF8 /* Frameworks */,
			);
			sourceTree = "<group>";
		};
		843954C12941FCBE00651BAC /* Products */ = {
			isa = PBXGroup;
			children = (
				843954C02941FCBE00651BAC /* Ecommerce-Concept.app */,
			);
			name = Products;
			sourceTree = "<group>";
		};
		843954C22941FCBE00651BAC /* Ecommerce-Concept */ = {
			isa = PBXGroup;
			children = (
				84E9124A294A38D000812437 /* Resources */,
				84E9124B294A390300812437 /* Sources */,
				84B53F3B296C1BE700FEE0A3 /* CartViewController.swift */,
				84B53F3D296C6CA800FEE0A3 /* CartListViewCell.swift */,
				84B53F41296C745B00FEE0A3 /* EditModelAmountStepper.swift */,
			);
			path = "Ecommerce-Concept";
			sourceTree = "<group>";
		};
		8469A854294DCDF400FFA281 /* Fonts */ = {
			isa = PBXGroup;
			children = (
				8469A858294DCE8900FFA281 /* MarkPro-Bold.ttf */,
				8469A85A294DCE8900FFA281 /* MarkPro-Heavy.ttf */,
				8469A857294DCE8900FFA281 /* MarkPro-Medium.ttf */,
				8469A859294DCE8900FFA281 /* MarkPro-Regular.ttf */,
			);
			path = Fonts;
			sourceTree = "<group>";
		};
		8469A865294DDE8B00FFA281 /* CustomViews */ = {
			isa = PBXGroup;
			children = (
				842408AB296B24A700F54854 /* ProductSpecificationStackView.swift */,
				8469A861294DD69100FFA281 /* CustomButton.swift */,
			);
			path = CustomViews;
			sourceTree = "<group>";
		};
		846F55F82955BED70091742F /* ViewModel */ = {
			isa = PBXGroup;
			children = (
				846F55FA2955BF150091742F /* HomeStoreViewModel.swift */,
				8470F1332958575A005BB3BC /* BottomSheetFilterpresentationControllerViewModel.swift */,
				846F56082955D8DA0091742F /* CellViewModels */,
				84E6C51A295C6FB50050ABA5 /* BottomSheetFilterViewViewModel.swift */,
			);
			path = ViewModel;
			sourceTree = "<group>";
		};
		846F55FC2955BF780091742F /* Protocols */ = {
			isa = PBXGroup;
			children = (
				846F55FD2955BF890091742F /* HomeStoreProtocols */,
				84B53F36296C1B3600FEE0A3 /* ProductDetailSceneProtocol */,
				8470F12E2957AD6A005BB3BC /* CoordinatorProtocol.swift */,
			);
			path = Protocols;
			sourceTree = "<group>";
		};
		846F55FD2955BF890091742F /* HomeStoreProtocols */ = {
			isa = PBXGroup;
			children = (
				846F56002955C2FC0091742F /* ModelViewProtocols */,
			);
			path = HomeStoreProtocols;
			sourceTree = "<group>";
		};
		846F56002955C2FC0091742F /* ModelViewProtocols */ = {
			isa = PBXGroup;
			children = (
				846F56012955C3070091742F /* CellModelView */,
				846F55FE2955BFA70091742F /* HomeStoreViewModelType.swift */,
				8470F13529585783005BB3BC /* BottomSheetFilterpresentationControllerViewModelType.swift */,
				84E6C51C295C6FD80050ABA5 /* BottomSheetFilterViewViewModelType.swift */,
			);
			path = ModelViewProtocols;
			sourceTree = "<group>";
		};
		846F56012955C3070091742F /* CellModelView */ = {
			isa = PBXGroup;
			children = (
				846F56022955C3310091742F /* SelectCategoryCellViewModelType.swift */,
				846F56042955C3C30091742F /* HotSalesCellViewModelType.swift */,
				846F56062955C48B0091742F /* BestSellerCellViewModelType.swift */,
			);
			path = CellModelView;
			sourceTree = "<group>";
		};
		846F56082955D8DA0091742F /* CellViewModels */ = {
			isa = PBXGroup;
			children = (
				846F56152956045A0091742F /* SelectCategoryCellViewModel.swift */,
				8470F1292956DFC7005BB3BC /* HotSalesCellViewModel.swift */,
				846F56092955D8F30091742F /* BestSellerCellViewModel.swift */,
			);
			path = CellViewModels;
			sourceTree = "<group>";
		};
		846F560B2955D9E30091742F /* NetworkModels */ = {
			isa = PBXGroup;
			children = (
				846F560C2955DA020091742F /* MainNetworkModel.swift */,
				846F560E2955DA1E0091742F /* HotSalesModel.swift */,
				846F56102955DA340091742F /* BestSellerModel.swift */,
			);
			path = NetworkModels;
			sourceTree = "<group>";
		};
		846F56122955E4D50091742F /* NetworkManagers */ = {
			isa = PBXGroup;
			children = (
				846F56132955E4F20091742F /* NetworkManager.swift */,
			);
			path = NetworkManagers;
			sourceTree = "<group>";
		};
		8470F1302957ADFF005BB3BC /* Coordinator */ = {
			isa = PBXGroup;
			children = (
				8470F1312957AE19005BB3BC /* Coordinator.swift */,
			);
			path = Coordinator;
			sourceTree = "<group>";
		};
		84B53F36296C1B3600FEE0A3 /* ProductDetailSceneProtocol */ = {
			isa = PBXGroup;
			children = (
				849EDF4D2965F2C7005DD0FC /* ProductDetailsViewViewModelType.swift */,
			);
			path = ProductDetailSceneProtocol;
			sourceTree = "<group>";
		};
		84B53F37296C1B5800FEE0A3 /* ProductDetailScene */ = {
			isa = PBXGroup;
			children = (
				84B53F38296C1B6B00FEE0A3 /* ModelView */,
				84B53F39296C1B7800FEE0A3 /* View */,
				84B53F3A296C1B8300FEE0A3 /* Model */,
			);
			path = ProductDetailScene;
			sourceTree = "<group>";
		};
		84B53F38296C1B6B00FEE0A3 /* ModelView */ = {
			isa = PBXGroup;
			children = (
				849EDF4F2965F51C005DD0FC /* ProductDetailsViewViewModel.swift */,
			);
			path = ModelView;
			sourceTree = "<group>";
		};
		84B53F39296C1B7800FEE0A3 /* View */ = {
			isa = PBXGroup;
			children = (
				849EDF452965D939005DD0FC /* ProductDetailsViewController.swift */,
				849EDF492965ECB9005DD0FC /* PhonePhotoCell.swift */,
			);
			path = View;
			sourceTree = "<group>";
		};
		84B53F3A296C1B8300FEE0A3 /* Model */ = {
			isa = PBXGroup;
			children = (
				84E1EF5D2966FD4100525FD4 /* ProductDetailData.swift */,
			);
			path = Model;
			sourceTree = "<group>";
		};
		84E9124A294A38D000812437 /* Resources */ = {
			isa = PBXGroup;
			children = (
				8469A854294DCDF400FFA281 /* Fonts */,
				843954D12941FCBF00651BAC /* Info.plist */,
				843954CC2941FCBF00651BAC /* Assets.xcassets */,
				843954CE2941FCBF00651BAC /* LaunchScreen.storyboard */,
			);
			path = Resources;
			sourceTree = "<group>";
		};
		84E9124B294A390300812437 /* Sources */ = {
			isa = PBXGroup;
			children = (
				84E9124C294A390A00812437 /* App */,
				84E9124D294A390F00812437 /* Scenes */,
			);
			path = Sources;
			sourceTree = "<group>";
		};
		84E9124C294A390A00812437 /* App */ = {
			isa = PBXGroup;
			children = (
				843954C32941FCBE00651BAC /* AppDelegate.swift */,
				84351C432959A55E00BAEDA8 /* Helpers */,
				8470F1302957ADFF005BB3BC /* Coordinator */,
			);
			path = App;
			sourceTree = "<group>";
		};
		84E9124D294A390F00812437 /* Scenes */ = {
			isa = PBXGroup;
			children = (
				84B53F37296C1B5800FEE0A3 /* ProductDetailScene */,
				84E9124E294A391D00812437 /* HomeStroreScene */,
			);
			path = Scenes;
			sourceTree = "<group>";
		};
		84E9124E294A391D00812437 /* HomeStroreScene */ = {
			isa = PBXGroup;
			children = (
				84E91251294A394B00812437 /* Model */,
				84E9124F294A393D00812437 /* View */,
				846F55F82955BED70091742F /* ViewModel */,
			);
			path = HomeStroreScene;
			sourceTree = "<group>";
		};
		84E9124F294A393D00812437 /* View */ = {
			isa = PBXGroup;
			children = (
				843954C72941FCBE00651BAC /* HomeStoreControllerView.swift */,
				84E91252294A395500812437 /* Cells */,
				84E91253294A395C00812437 /* Headers&Footers */,
				84351C3E2959991C00BAEDA8 /* BottomSheetFilterView */,
			);
			path = View;
			sourceTree = "<group>";
		};
		84E91251294A394B00812437 /* Model */ = {
			isa = PBXGroup;
			children = (
				846F560B2955D9E30091742F /* NetworkModels */,
				84DD1FA5294CB6EE009C766F /* HomeStoreSectionsModel.swift */,
				84E91248294A17CA00812437 /* CategoryItemModel.swift */,
			);
			path = Model;
			sourceTree = "<group>";
		};
		84E91252294A395500812437 /* Cells */ = {
			isa = PBXGroup;
			children = (
				84E9123C2949FFEC00812437 /* SelectCategoryCell.swift */,
				84E91244294A0F5C00812437 /* HotSalesCell.swift */,
				84E91257294A3A3700812437 /* BestSellerCell.swift */,
			);
			path = Cells;
			sourceTree = "<group>";
		};
		84E91253294A395C00812437 /* Headers&Footers */ = {
			isa = PBXGroup;
			children = (
				84E9123E294A000900812437 /* SelectCategoryHeader.swift */,
				84E91246294A113400812437 /* SelectCategoryFooter.swift */,
				84E91242294A0F2B00812437 /* HotSalesHeader.swift */,
				84E91255294A39B000812437 /* BestSellerHeader.swift */,
			);
			path = "Headers&Footers";
			sourceTree = "<group>";
		};
		84E91254294A397600812437 /* Extensions */ = {
			isa = PBXGroup;
			children = (
				842408AF296B3A4D00F54854 /* UIImage+Extension.swift */,
				8469A85F294DCFBE00FFA281 /* UIFont+Extension.swift */,
				84E91240294A005100812437 /* UIView+Extension.swift */,
				8469A84E294DC83F00FFA281 /* UIStackView+Exension.swift */,
				8469A850294DC90100FFA281 /* UIColor+Extension.swift */,
				8469A852294DCD1800FFA281 /* UILabel+Extension.swift */,
				8469A863294DD95800FFA281 /* UIImageView+Extension.swift */,
				8469A866294DDE9C00FFA281 /* UIButton+Extension.swift */,
				84A33C9A2950A5970019BB1E /* Int+Extension.swift */,
				8451B2692968241E0072D4E2 /* String+Extension.swift */,
			);
			path = Extensions;
			sourceTree = "<group>";
		};
		DF507AD0E357278A95B5170A /* Pods */ = {
			isa = PBXGroup;
			children = (
				C9AC5BA632CEF2F36E5699E9 /* Pods-Ecommerce-Concept.debug.xcconfig */,
				A0C2FCC59E6890FB472BBF22 /* Pods-Ecommerce-Concept.release.xcconfig */,
			);
			path = Pods;
			sourceTree = "<group>";
		};
/* End PBXGroup section */

/* Begin PBXNativeTarget section */
		843954BF2941FCBE00651BAC /* Ecommerce-Concept */ = {
			isa = PBXNativeTarget;
			buildConfigurationList = 843954D42941FCBF00651BAC /* Build configuration list for PBXNativeTarget "Ecommerce-Concept" */;
			buildPhases = (
				5F72B7510801AC741BF9CD8C /* [CP] Check Pods Manifest.lock */,
				843954BC2941FCBE00651BAC /* Sources */,
				843954BD2941FCBE00651BAC /* Frameworks */,
				843954BE2941FCBE00651BAC /* Resources */,
				A872FEC352649ABE27F6034C /* [CP] Embed Pods Frameworks */,
			);
			buildRules = (
			);
			dependencies = (
			);
			name = "Ecommerce-Concept";
			productName = "Ecommerce-Concept";
			productReference = 843954C02941FCBE00651BAC /* Ecommerce-Concept.app */;
			productType = "com.apple.product-type.application";
		};
/* End PBXNativeTarget section */

/* Begin PBXProject section */
		843954B82941FCBE00651BAC /* Project object */ = {
			isa = PBXProject;
			attributes = {
				BuildIndependentTargetsInParallel = 1;
				LastSwiftUpdateCheck = 1340;
				LastUpgradeCheck = 1340;
				TargetAttributes = {
					843954BF2941FCBE00651BAC = {
						CreatedOnToolsVersion = 13.4.1;
					};
				};
			};
			buildConfigurationList = 843954BB2941FCBE00651BAC /* Build configuration list for PBXProject "Ecommerce-Concept" */;
			compatibilityVersion = "Xcode 13.0";
			developmentRegion = en;
			hasScannedForEncodings = 0;
			knownRegions = (
				en,
				Base,
			);
			mainGroup = 843954B72941FCBE00651BAC;
			productRefGroup = 843954C12941FCBE00651BAC /* Products */;
			projectDirPath = "";
			projectRoot = "";
			targets = (
				843954BF2941FCBE00651BAC /* Ecommerce-Concept */,
			);
		};
/* End PBXProject section */

/* Begin PBXResourcesBuildPhase section */
		843954BE2941FCBE00651BAC /* Resources */ = {
			isa = PBXResourcesBuildPhase;
			buildActionMask = 2147483647;
			files = (
				843954D02941FCBF00651BAC /* LaunchScreen.storyboard in Resources */,
				8469A85D294DCE8900FFA281 /* MarkPro-Regular.ttf in Resources */,
				843954CD2941FCBF00651BAC /* Assets.xcassets in Resources */,
				8469A85E294DCE8900FFA281 /* MarkPro-Heavy.ttf in Resources */,
				8469A85C294DCE8900FFA281 /* MarkPro-Bold.ttf in Resources */,
				8469A85B294DCE8900FFA281 /* MarkPro-Medium.ttf in Resources */,
			);
			runOnlyForDeploymentPostprocessing = 0;
		};
/* End PBXResourcesBuildPhase section */

/* Begin PBXShellScriptBuildPhase section */
		5F72B7510801AC741BF9CD8C /* [CP] Check Pods Manifest.lock */ = {
			isa = PBXShellScriptBuildPhase;
			buildActionMask = 2147483647;
			files = (
			);
			inputFileListPaths = (
			);
			inputPaths = (
				"${PODS_PODFILE_DIR_PATH}/Podfile.lock",
				"${PODS_ROOT}/Manifest.lock",
			);
			name = "[CP] Check Pods Manifest.lock";
			outputFileListPaths = (
			);
			outputPaths = (
				"$(DERIVED_FILE_DIR)/Pods-Ecommerce-Concept-checkManifestLockResult.txt",
			);
			runOnlyForDeploymentPostprocessing = 0;
			shellPath = /bin/sh;
			shellScript = "diff \"${PODS_PODFILE_DIR_PATH}/Podfile.lock\" \"${PODS_ROOT}/Manifest.lock\" > /dev/null\nif [ $? != 0 ] ; then\n    # print error to STDERR\n    echo \"error: The sandbox is not in sync with the Podfile.lock. Run 'pod install' or update your CocoaPods installation.\" >&2\n    exit 1\nfi\n# This output is used by Xcode 'outputs' to avoid re-running this script phase.\necho \"SUCCESS\" > \"${SCRIPT_OUTPUT_FILE_0}\"\n";
			showEnvVarsInLog = 0;
		};
		A872FEC352649ABE27F6034C /* [CP] Embed Pods Frameworks */ = {
			isa = PBXShellScriptBuildPhase;
			buildActionMask = 2147483647;
			files = (
			);
			inputFileListPaths = (
				"${PODS_ROOT}/Target Support Files/Pods-Ecommerce-Concept/Pods-Ecommerce-Concept-frameworks-${CONFIGURATION}-input-files.xcfilelist",
			);
			name = "[CP] Embed Pods Frameworks";
			outputFileListPaths = (
				"${PODS_ROOT}/Target Support Files/Pods-Ecommerce-Concept/Pods-Ecommerce-Concept-frameworks-${CONFIGURATION}-output-files.xcfilelist",
			);
			runOnlyForDeploymentPostprocessing = 0;
			shellPath = /bin/sh;
			shellScript = "\"${PODS_ROOT}/Target Support Files/Pods-Ecommerce-Concept/Pods-Ecommerce-Concept-frameworks.sh\"\n";
			showEnvVarsInLog = 0;
		};
/* End PBXShellScriptBuildPhase section */

/* Begin PBXSourcesBuildPhase section */
		843954BC2941FCBE00651BAC /* Sources */ = {
			isa = PBXSourcesBuildPhase;
			buildActionMask = 2147483647;
			files = (
				846F560D2955DA020091742F /* MainNetworkModel.swift in Sources */,
				8469A853294DCD1800FFA281 /* UILabel+Extension.swift in Sources */,
				846F56112955DA340091742F /* BestSellerModel.swift in Sources */,
				84E91249294A17CA00812437 /* CategoryItemModel.swift in Sources */,
				84E91245294A0F5C00812437 /* HotSalesCell.swift in Sources */,
				8470F12A2956DFC7005BB3BC /* HotSalesCellViewModel.swift in Sources */,
				84E6C51D295C6FD80050ABA5 /* BottomSheetFilterViewViewModelType.swift in Sources */,
				84B53F3C296C1BE700FEE0A3 /* CartViewController.swift in Sources */,
				84E91241294A005100812437 /* UIView+Extension.swift in Sources */,
				84A33C9B2950A5970019BB1E /* Int+Extension.swift in Sources */,
				846F55FB2955BF150091742F /* HomeStoreViewModel.swift in Sources */,
				8469A862294DD69100FFA281 /* CustomButton.swift in Sources */,
				8470F12F2957AD6A005BB3BC /* CoordinatorProtocol.swift in Sources */,
				842408B0296B3A4D00F54854 /* UIImage+Extension.swift in Sources */,
				846F56142955E4F20091742F /* NetworkManager.swift in Sources */,
				842408AC296B24A700F54854 /* ProductSpecificationStackView.swift in Sources */,
				849EDF502965F51C005DD0FC /* ProductDetailsViewViewModel.swift in Sources */,
				8469A864294DD95800FFA281 /* UIImageView+Extension.swift in Sources */,
				846F56162956045A0091742F /* SelectCategoryCellViewModel.swift in Sources */,
				8470F1342958575A005BB3BC /* BottomSheetFilterpresentationControllerViewModel.swift in Sources */,
				84E91258294A3A3700812437 /* BestSellerCell.swift in Sources */,
				84DD1FA6294CB6EE009C766F /* HomeStoreSectionsModel.swift in Sources */,
				8469A860294DCFBE00FFA281 /* UIFont+Extension.swift in Sources */,
				846F56032955C3310091742F /* SelectCategoryCellViewModelType.swift in Sources */,
				84E91247294A113400812437 /* SelectCategoryFooter.swift in Sources */,
				846F560F2955DA1E0091742F /* HotSalesModel.swift in Sources */,
				8451B26A2968241E0072D4E2 /* String+Extension.swift in Sources */,
				8469A84F294DC83F00FFA281 /* UIStackView+Exension.swift in Sources */,
				84351C492959BFA800BAEDA8 /* FilterParametersTableViewHeader.swift in Sources */,
				84351C472959BA6000BAEDA8 /* FilterParametersTableViewCell.swift in Sources */,
				846F55FF2955BFA70091742F /* HomeStoreViewModelType.swift in Sources */,
				8469A851294DC90100FFA281 /* UIColor+Extension.swift in Sources */,
				84E6C51B295C6FB50050ABA5 /* BottomSheetFilterViewViewModel.swift in Sources */,
				84E9123D2949FFEC00812437 /* SelectCategoryCell.swift in Sources */,
				84E91243294A0F2B00812437 /* HotSalesHeader.swift in Sources */,
				843954C82941FCBE00651BAC /* HomeStoreControllerView.swift in Sources */,
				84E91256294A39B000812437 /* BestSellerHeader.swift in Sources */,
				84351C402959998E00BAEDA8 /* BottomSheetFilterPresentationController.swift in Sources */,
				849EDF4E2965F2C7005DD0FC /* ProductDetailsViewViewModelType.swift in Sources */,
				8470F1322957AE19005BB3BC /* Coordinator.swift in Sources */,
				84E9123F294A000900812437 /* SelectCategoryHeader.swift in Sources */,
				849EDF462965D939005DD0FC /* ProductDetailsViewController.swift in Sources */,
				846F56052955C3C30091742F /* HotSalesCellViewModelType.swift in Sources */,
				8470F12D2957890D005BB3BC /* BottomSheetFilterControllerView.swift in Sources */,
				8470F13629585783005BB3BC /* BottomSheetFilterpresentationControllerViewModelType.swift in Sources */,
				843954C42941FCBE00651BAC /* AppDelegate.swift in Sources */,
				84351C4229599A5500BAEDA8 /* BottomSheetFilterTransitioningDelegate.swift in Sources */,
				84B53F3E296C6CA800FEE0A3 /* CartListViewCell.swift in Sources */,
				846F560A2955D8F30091742F /* BestSellerCellViewModel.swift in Sources */,
				84E1EF5E2966FD4100525FD4 /* ProductDetailData.swift in Sources */,
				8469A867294DDE9C00FFA281 /* UIButton+Extension.swift in Sources */,
				846F56072955C48B0091742F /* BestSellerCellViewModelType.swift in Sources */,
				849EDF4A2965ECB9005DD0FC /* PhonePhotoCell.swift in Sources */,
				84B53F42296C745B00FEE0A3 /* EditModelAmountStepper.swift in Sources */,
			);
			runOnlyForDeploymentPostprocessing = 0;
		};
/* End PBXSourcesBuildPhase section */

/* Begin PBXVariantGroup section */
		843954CE2941FCBF00651BAC /* LaunchScreen.storyboard */ = {
			isa = PBXVariantGroup;
			children = (
				843954CF2941FCBF00651BAC /* Base */,
			);
			name = LaunchScreen.storyboard;
			sourceTree = "<group>";
		};
/* End PBXVariantGroup section */

/* Begin XCBuildConfiguration section */
		843954D22941FCBF00651BAC /* Debug */ = {
			isa = XCBuildConfiguration;
			buildSettings = {
				ALWAYS_SEARCH_USER_PATHS = NO;
				CLANG_ANALYZER_NONNULL = YES;
				CLANG_ANALYZER_NUMBER_OBJECT_CONVERSION = YES_AGGRESSIVE;
				CLANG_CXX_LANGUAGE_STANDARD = "gnu++17";
				CLANG_ENABLE_MODULES = YES;
				CLANG_ENABLE_OBJC_ARC = YES;
				CLANG_ENABLE_OBJC_WEAK = YES;
				CLANG_WARN_BLOCK_CAPTURE_AUTORELEASING = YES;
				CLANG_WARN_BOOL_CONVERSION = YES;
				CLANG_WARN_COMMA = YES;
				CLANG_WARN_CONSTANT_CONVERSION = YES;
				CLANG_WARN_DEPRECATED_OBJC_IMPLEMENTATIONS = YES;
				CLANG_WARN_DIRECT_OBJC_ISA_USAGE = YES_ERROR;
				CLANG_WARN_DOCUMENTATION_COMMENTS = YES;
				CLANG_WARN_EMPTY_BODY = YES;
				CLANG_WARN_ENUM_CONVERSION = YES;
				CLANG_WARN_INFINITE_RECURSION = YES;
				CLANG_WARN_INT_CONVERSION = YES;
				CLANG_WARN_NON_LITERAL_NULL_CONVERSION = YES;
				CLANG_WARN_OBJC_IMPLICIT_RETAIN_SELF = YES;
				CLANG_WARN_OBJC_LITERAL_CONVERSION = YES;
				CLANG_WARN_OBJC_ROOT_CLASS = YES_ERROR;
				CLANG_WARN_QUOTED_INCLUDE_IN_FRAMEWORK_HEADER = YES;
				CLANG_WARN_RANGE_LOOP_ANALYSIS = YES;
				CLANG_WARN_STRICT_PROTOTYPES = YES;
				CLANG_WARN_SUSPICIOUS_MOVE = YES;
				CLANG_WARN_UNGUARDED_AVAILABILITY = YES_AGGRESSIVE;
				CLANG_WARN_UNREACHABLE_CODE = YES;
				CLANG_WARN__DUPLICATE_METHOD_MATCH = YES;
				COPY_PHASE_STRIP = NO;
				DEBUG_INFORMATION_FORMAT = dwarf;
				ENABLE_STRICT_OBJC_MSGSEND = YES;
				ENABLE_TESTABILITY = YES;
				GCC_C_LANGUAGE_STANDARD = gnu11;
				GCC_DYNAMIC_NO_PIC = NO;
				GCC_NO_COMMON_BLOCKS = YES;
				GCC_OPTIMIZATION_LEVEL = 0;
				GCC_PREPROCESSOR_DEFINITIONS = (
					"DEBUG=1",
					"$(inherited)",
				);
				GCC_WARN_64_TO_32_BIT_CONVERSION = YES;
				GCC_WARN_ABOUT_RETURN_TYPE = YES_ERROR;
				GCC_WARN_UNDECLARED_SELECTOR = YES;
				GCC_WARN_UNINITIALIZED_AUTOS = YES_AGGRESSIVE;
				GCC_WARN_UNUSED_FUNCTION = YES;
				GCC_WARN_UNUSED_VARIABLE = YES;
				IPHONEOS_DEPLOYMENT_TARGET = 15.5;
				MTL_ENABLE_DEBUG_INFO = INCLUDE_SOURCE;
				MTL_FAST_MATH = YES;
				ONLY_ACTIVE_ARCH = YES;
				SDKROOT = iphoneos;
				SWIFT_ACTIVE_COMPILATION_CONDITIONS = DEBUG;
				SWIFT_OPTIMIZATION_LEVEL = "-Onone";
			};
			name = Debug;
		};
		843954D32941FCBF00651BAC /* Release */ = {
			isa = XCBuildConfiguration;
			buildSettings = {
				ALWAYS_SEARCH_USER_PATHS = NO;
				CLANG_ANALYZER_NONNULL = YES;
				CLANG_ANALYZER_NUMBER_OBJECT_CONVERSION = YES_AGGRESSIVE;
				CLANG_CXX_LANGUAGE_STANDARD = "gnu++17";
				CLANG_ENABLE_MODULES = YES;
				CLANG_ENABLE_OBJC_ARC = YES;
				CLANG_ENABLE_OBJC_WEAK = YES;
				CLANG_WARN_BLOCK_CAPTURE_AUTORELEASING = YES;
				CLANG_WARN_BOOL_CONVERSION = YES;
				CLANG_WARN_COMMA = YES;
				CLANG_WARN_CONSTANT_CONVERSION = YES;
				CLANG_WARN_DEPRECATED_OBJC_IMPLEMENTATIONS = YES;
				CLANG_WARN_DIRECT_OBJC_ISA_USAGE = YES_ERROR;
				CLANG_WARN_DOCUMENTATION_COMMENTS = YES;
				CLANG_WARN_EMPTY_BODY = YES;
				CLANG_WARN_ENUM_CONVERSION = YES;
				CLANG_WARN_INFINITE_RECURSION = YES;
				CLANG_WARN_INT_CONVERSION = YES;
				CLANG_WARN_NON_LITERAL_NULL_CONVERSION = YES;
				CLANG_WARN_OBJC_IMPLICIT_RETAIN_SELF = YES;
				CLANG_WARN_OBJC_LITERAL_CONVERSION = YES;
				CLANG_WARN_OBJC_ROOT_CLASS = YES_ERROR;
				CLANG_WARN_QUOTED_INCLUDE_IN_FRAMEWORK_HEADER = YES;
				CLANG_WARN_RANGE_LOOP_ANALYSIS = YES;
				CLANG_WARN_STRICT_PROTOTYPES = YES;
				CLANG_WARN_SUSPICIOUS_MOVE = YES;
				CLANG_WARN_UNGUARDED_AVAILABILITY = YES_AGGRESSIVE;
				CLANG_WARN_UNREACHABLE_CODE = YES;
				CLANG_WARN__DUPLICATE_METHOD_MATCH = YES;
				COPY_PHASE_STRIP = NO;
				DEBUG_INFORMATION_FORMAT = "dwarf-with-dsym";
				ENABLE_NS_ASSERTIONS = NO;
				ENABLE_STRICT_OBJC_MSGSEND = YES;
				GCC_C_LANGUAGE_STANDARD = gnu11;
				GCC_NO_COMMON_BLOCKS = YES;
				GCC_WARN_64_TO_32_BIT_CONVERSION = YES;
				GCC_WARN_ABOUT_RETURN_TYPE = YES_ERROR;
				GCC_WARN_UNDECLARED_SELECTOR = YES;
				GCC_WARN_UNINITIALIZED_AUTOS = YES_AGGRESSIVE;
				GCC_WARN_UNUSED_FUNCTION = YES;
				GCC_WARN_UNUSED_VARIABLE = YES;
				IPHONEOS_DEPLOYMENT_TARGET = 15.5;
				MTL_ENABLE_DEBUG_INFO = NO;
				MTL_FAST_MATH = YES;
				SDKROOT = iphoneos;
				SWIFT_COMPILATION_MODE = wholemodule;
				SWIFT_OPTIMIZATION_LEVEL = "-O";
				VALIDATE_PRODUCT = YES;
			};
			name = Release;
		};
		843954D52941FCBF00651BAC /* Debug */ = {
			isa = XCBuildConfiguration;
			baseConfigurationReference = C9AC5BA632CEF2F36E5699E9 /* Pods-Ecommerce-Concept.debug.xcconfig */;
			buildSettings = {
				ASSETCATALOG_COMPILER_APPICON_NAME = AppIcon;
				ASSETCATALOG_COMPILER_GLOBAL_ACCENT_COLOR_NAME = AccentColor;
				CODE_SIGN_STYLE = Automatic;
				CURRENT_PROJECT_VERSION = 1;
				GENERATE_INFOPLIST_FILE = YES;
				INFOPLIST_FILE = "Ecommerce-Concept/Resources/Info.plist";
				INFOPLIST_KEY_UIApplicationSupportsIndirectInputEvents = YES;
				INFOPLIST_KEY_UILaunchStoryboardName = LaunchScreen;
				INFOPLIST_KEY_UIStatusBarStyle = "";
				INFOPLIST_KEY_UISupportedInterfaceOrientations = UIInterfaceOrientationPortrait;
				INFOPLIST_KEY_UISupportedInterfaceOrientations_iPad = "UIInterfaceOrientationLandscapeLeft UIInterfaceOrientationLandscapeRight UIInterfaceOrientationPortrait UIInterfaceOrientationPortraitUpsideDown";
				LD_RUNPATH_SEARCH_PATHS = (
					"$(inherited)",
					"@executable_path/Frameworks",
				);
				MARKETING_VERSION = 1.0;
				PRODUCT_BUNDLE_IDENTIFIER = "com.example.Ecommerce-Concept";
				PRODUCT_NAME = "$(TARGET_NAME)";
				SWIFT_EMIT_LOC_STRINGS = YES;
				SWIFT_VERSION = 5.0;
				TARGETED_DEVICE_FAMILY = "1,2";
			};
			name = Debug;
		};
		843954D62941FCBF00651BAC /* Release */ = {
			isa = XCBuildConfiguration;
			baseConfigurationReference = A0C2FCC59E6890FB472BBF22 /* Pods-Ecommerce-Concept.release.xcconfig */;
			buildSettings = {
				ASSETCATALOG_COMPILER_APPICON_NAME = AppIcon;
				ASSETCATALOG_COMPILER_GLOBAL_ACCENT_COLOR_NAME = AccentColor;
				CODE_SIGN_STYLE = Automatic;
				CURRENT_PROJECT_VERSION = 1;
				GENERATE_INFOPLIST_FILE = YES;
				INFOPLIST_FILE = "Ecommerce-Concept/Resources/Info.plist";
				INFOPLIST_KEY_UIApplicationSupportsIndirectInputEvents = YES;
				INFOPLIST_KEY_UILaunchStoryboardName = LaunchScreen;
				INFOPLIST_KEY_UIStatusBarStyle = "";
				INFOPLIST_KEY_UISupportedInterfaceOrientations = UIInterfaceOrientationPortrait;
				INFOPLIST_KEY_UISupportedInterfaceOrientations_iPad = "UIInterfaceOrientationLandscapeLeft UIInterfaceOrientationLandscapeRight UIInterfaceOrientationPortrait UIInterfaceOrientationPortraitUpsideDown";
				LD_RUNPATH_SEARCH_PATHS = (
					"$(inherited)",
					"@executable_path/Frameworks",
				);
				MARKETING_VERSION = 1.0;
				PRODUCT_BUNDLE_IDENTIFIER = "com.example.Ecommerce-Concept";
				PRODUCT_NAME = "$(TARGET_NAME)";
				SWIFT_EMIT_LOC_STRINGS = YES;
				SWIFT_VERSION = 5.0;
				TARGETED_DEVICE_FAMILY = "1,2";
			};
			name = Release;
		};
/* End XCBuildConfiguration section */

/* Begin XCConfigurationList section */
		843954BB2941FCBE00651BAC /* Build configuration list for PBXProject "Ecommerce-Concept" */ = {
			isa = XCConfigurationList;
			buildConfigurations = (
				843954D22941FCBF00651BAC /* Debug */,
				843954D32941FCBF00651BAC /* Release */,
			);
			defaultConfigurationIsVisible = 0;
			defaultConfigurationName = Release;
		};
		843954D42941FCBF00651BAC /* Build configuration list for PBXNativeTarget "Ecommerce-Concept" */ = {
			isa = XCConfigurationList;
			buildConfigurations = (
				843954D52941FCBF00651BAC /* Debug */,
				843954D62941FCBF00651BAC /* Release */,
			);
			defaultConfigurationIsVisible = 0;
			defaultConfigurationName = Release;
		};
/* End XCConfigurationList section */
	};
	rootObject = 843954B82941FCBE00651BAC /* Project object */;
}
