// !$*UTF8*$!
{
	archiveVersion = 1;
	classes = {
	};
	objectVersion = 55;
	objects = {

/* Begin PBXBuildFile section */
		843954C42941FCBE00651BAC /* AppDelegate.swift in Sources */ = {isa = PBXBuildFile; fileRef = 843954C32941FCBE00651BAC /* AppDelegate.swift */; };
		843954C82941FCBE00651BAC /* SelectCategoryViewController.swift in Sources */ = {isa = PBXBuildFile; fileRef = 843954C72941FCBE00651BAC /* SelectCategoryViewController.swift */; };
		843954CD2941FCBF00651BAC /* Assets.xcassets in Resources */ = {isa = PBXBuildFile; fileRef = 843954CC2941FCBF00651BAC /* Assets.xcassets */; };
		843954D02941FCBF00651BAC /* LaunchScreen.storyboard in Resources */ = {isa = PBXBuildFile; fileRef = 843954CE2941FCBF00651BAC /* LaunchScreen.storyboard */; };
		8469A84F294DC83F00FFA281 /* UIStackView+Exension.swift in Sources */ = {isa = PBXBuildFile; fileRef = 8469A84E294DC83F00FFA281 /* UIStackView+Exension.swift */; };
		8469A851294DC90100FFA281 /* UIColor+Extension.swift in Sources */ = {isa = PBXBuildFile; fileRef = 8469A850294DC90100FFA281 /* UIColor+Extension.swift */; };
		8469A853294DCD1800FFA281 /* UILabel+Extension.swift in Sources */ = {isa = PBXBuildFile; fileRef = 8469A852294DCD1800FFA281 /* UILabel+Extension.swift */; };
		8469A85B294DCE8900FFA281 /* MarkPro-Medium.ttf in Resources */ = {isa = PBXBuildFile; fileRef = 8469A857294DCE8900FFA281 /* MarkPro-Medium.ttf */; };
		8469A85C294DCE8900FFA281 /* MarkPro-Bold.ttf in Resources */ = {isa = PBXBuildFile; fileRef = 8469A858294DCE8900FFA281 /* MarkPro-Bold.ttf */; };
		8469A85D294DCE8900FFA281 /* MarkPro-Regular.ttf in Resources */ = {isa = PBXBuildFile; fileRef = 8469A859294DCE8900FFA281 /* MarkPro-Regular.ttf */; };
		8469A85E294DCE8900FFA281 /* MarkPro-Heavy.ttf in Resources */ = {isa = PBXBuildFile; fileRef = 8469A85A294DCE8900FFA281 /* MarkPro-Heavy.ttf */; };
		8469A860294DCFBE00FFA281 /* UIFont+Extension.swift in Sources */ = {isa = PBXBuildFile; fileRef = 8469A85F294DCFBE00FFA281 /* UIFont+Extension.swift */; };
		8469A862294DD69100FFA281 /* CustomButton.swift in Sources */ = {isa = PBXBuildFile; fileRef = 8469A861294DD69100FFA281 /* CustomButton.swift */; };
		8469A864294DD95800FFA281 /* UIImageView+Extension.swift in Sources */ = {isa = PBXBuildFile; fileRef = 8469A863294DD95800FFA281 /* UIImageView+Extension.swift */; };
		8469A867294DDE9C00FFA281 /* UIButton+Extension.swift in Sources */ = {isa = PBXBuildFile; fileRef = 8469A866294DDE9C00FFA281 /* UIButton+Extension.swift */; };
		84A33C9B2950A5970019BB1E /* Int+Extension.swift in Sources */ = {isa = PBXBuildFile; fileRef = 84A33C9A2950A5970019BB1E /* Int+Extension.swift */; };
		84DD1FA6294CB6EE009C766F /* SectionModel.swift in Sources */ = {isa = PBXBuildFile; fileRef = 84DD1FA5294CB6EE009C766F /* SectionModel.swift */; };
		84E9123B2949FFCD00812437 /* SelectCategoriesViewController+Metrics.swift in Sources */ = {isa = PBXBuildFile; fileRef = 84E9123A2949FFCD00812437 /* SelectCategoriesViewController+Metrics.swift */; };
		84E9123D2949FFEC00812437 /* SelectCategoryCell.swift in Sources */ = {isa = PBXBuildFile; fileRef = 84E9123C2949FFEC00812437 /* SelectCategoryCell.swift */; };
		84E9123F294A000900812437 /* SelectCategoryHeader.swift in Sources */ = {isa = PBXBuildFile; fileRef = 84E9123E294A000900812437 /* SelectCategoryHeader.swift */; };
		84E91241294A005100812437 /* UIView+Extension.swift in Sources */ = {isa = PBXBuildFile; fileRef = 84E91240294A005100812437 /* UIView+Extension.swift */; };
		84E91243294A0F2B00812437 /* HotSalesHeader.swift in Sources */ = {isa = PBXBuildFile; fileRef = 84E91242294A0F2B00812437 /* HotSalesHeader.swift */; };
		84E91245294A0F5C00812437 /* HotSalesCell.swift in Sources */ = {isa = PBXBuildFile; fileRef = 84E91244294A0F5C00812437 /* HotSalesCell.swift */; };
		84E91247294A113400812437 /* SelectCategoryFooter.swift in Sources */ = {isa = PBXBuildFile; fileRef = 84E91246294A113400812437 /* SelectCategoryFooter.swift */; };
		84E91249294A17CA00812437 /* ItemModel.swift in Sources */ = {isa = PBXBuildFile; fileRef = 84E91248294A17CA00812437 /* ItemModel.swift */; };
		84E91256294A39B000812437 /* BestSellerHeader.swift in Sources */ = {isa = PBXBuildFile; fileRef = 84E91255294A39B000812437 /* BestSellerHeader.swift */; };
		84E91258294A3A3700812437 /* BestSellerCell.swift in Sources */ = {isa = PBXBuildFile; fileRef = 84E91257294A3A3700812437 /* BestSellerCell.swift */; };
/* End PBXBuildFile section */

/* Begin PBXFileReference section */
		843954C02941FCBE00651BAC /* Ecommerce-Concept.app */ = {isa = PBXFileReference; explicitFileType = wrapper.application; includeInIndex = 0; path = "Ecommerce-Concept.app"; sourceTree = BUILT_PRODUCTS_DIR; };
		843954C32941FCBE00651BAC /* AppDelegate.swift */ = {isa = PBXFileReference; lastKnownFileType = sourcecode.swift; path = AppDelegate.swift; sourceTree = "<group>"; };
		843954C72941FCBE00651BAC /* SelectCategoryViewController.swift */ = {isa = PBXFileReference; lastKnownFileType = sourcecode.swift; path = SelectCategoryViewController.swift; sourceTree = "<group>"; };
		843954CC2941FCBF00651BAC /* Assets.xcassets */ = {isa = PBXFileReference; lastKnownFileType = folder.assetcatalog; path = Assets.xcassets; sourceTree = "<group>"; };
		843954CF2941FCBF00651BAC /* Base */ = {isa = PBXFileReference; lastKnownFileType = file.storyboard; name = Base; path = Base.lproj/LaunchScreen.storyboard; sourceTree = "<group>"; };
		843954D12941FCBF00651BAC /* Info.plist */ = {isa = PBXFileReference; lastKnownFileType = text.plist.xml; path = Info.plist; sourceTree = "<group>"; };
		8469A84E294DC83F00FFA281 /* UIStackView+Exension.swift */ = {isa = PBXFileReference; lastKnownFileType = sourcecode.swift; path = "UIStackView+Exension.swift"; sourceTree = "<group>"; };
		8469A850294DC90100FFA281 /* UIColor+Extension.swift */ = {isa = PBXFileReference; lastKnownFileType = sourcecode.swift; path = "UIColor+Extension.swift"; sourceTree = "<group>"; };
		8469A852294DCD1800FFA281 /* UILabel+Extension.swift */ = {isa = PBXFileReference; lastKnownFileType = sourcecode.swift; path = "UILabel+Extension.swift"; sourceTree = "<group>"; };
		8469A857294DCE8900FFA281 /* MarkPro-Medium.ttf */ = {isa = PBXFileReference; lastKnownFileType = file; path = "MarkPro-Medium.ttf"; sourceTree = "<group>"; };
		8469A858294DCE8900FFA281 /* MarkPro-Bold.ttf */ = {isa = PBXFileReference; lastKnownFileType = file; path = "MarkPro-Bold.ttf"; sourceTree = "<group>"; };
		8469A859294DCE8900FFA281 /* MarkPro-Regular.ttf */ = {isa = PBXFileReference; lastKnownFileType = file; path = "MarkPro-Regular.ttf"; sourceTree = "<group>"; };
		8469A85A294DCE8900FFA281 /* MarkPro-Heavy.ttf */ = {isa = PBXFileReference; lastKnownFileType = file; path = "MarkPro-Heavy.ttf"; sourceTree = "<group>"; };
		8469A85F294DCFBE00FFA281 /* UIFont+Extension.swift */ = {isa = PBXFileReference; lastKnownFileType = sourcecode.swift; path = "UIFont+Extension.swift"; sourceTree = "<group>"; };
		8469A861294DD69100FFA281 /* CustomButton.swift */ = {isa = PBXFileReference; lastKnownFileType = sourcecode.swift; path = CustomButton.swift; sourceTree = "<group>"; };
		8469A863294DD95800FFA281 /* UIImageView+Extension.swift */ = {isa = PBXFileReference; lastKnownFileType = sourcecode.swift; path = "UIImageView+Extension.swift"; sourceTree = "<group>"; };
		8469A866294DDE9C00FFA281 /* UIButton+Extension.swift */ = {isa = PBXFileReference; lastKnownFileType = sourcecode.swift; path = "UIButton+Extension.swift"; sourceTree = "<group>"; };
		84A33C9A2950A5970019BB1E /* Int+Extension.swift */ = {isa = PBXFileReference; lastKnownFileType = sourcecode.swift; path = "Int+Extension.swift"; sourceTree = "<group>"; };
		84DD1FA5294CB6EE009C766F /* SectionModel.swift */ = {isa = PBXFileReference; lastKnownFileType = sourcecode.swift; path = SectionModel.swift; sourceTree = "<group>"; };
		84E9123A2949FFCD00812437 /* SelectCategoriesViewController+Metrics.swift */ = {isa = PBXFileReference; lastKnownFileType = sourcecode.swift; path = "SelectCategoriesViewController+Metrics.swift"; sourceTree = "<group>"; };
		84E9123C2949FFEC00812437 /* SelectCategoryCell.swift */ = {isa = PBXFileReference; lastKnownFileType = sourcecode.swift; path = SelectCategoryCell.swift; sourceTree = "<group>"; };
		84E9123E294A000900812437 /* SelectCategoryHeader.swift */ = {isa = PBXFileReference; lastKnownFileType = sourcecode.swift; path = SelectCategoryHeader.swift; sourceTree = "<group>"; };
		84E91240294A005100812437 /* UIView+Extension.swift */ = {isa = PBXFileReference; lastKnownFileType = sourcecode.swift; path = "UIView+Extension.swift"; sourceTree = "<group>"; };
		84E91242294A0F2B00812437 /* HotSalesHeader.swift */ = {isa = PBXFileReference; lastKnownFileType = sourcecode.swift; path = HotSalesHeader.swift; sourceTree = "<group>"; };
		84E91244294A0F5C00812437 /* HotSalesCell.swift */ = {isa = PBXFileReference; lastKnownFileType = sourcecode.swift; path = HotSalesCell.swift; sourceTree = "<group>"; };
		84E91246294A113400812437 /* SelectCategoryFooter.swift */ = {isa = PBXFileReference; lastKnownFileType = sourcecode.swift; path = SelectCategoryFooter.swift; sourceTree = "<group>"; };
		84E91248294A17CA00812437 /* ItemModel.swift */ = {isa = PBXFileReference; lastKnownFileType = sourcecode.swift; path = ItemModel.swift; sourceTree = "<group>"; };
		84E91255294A39B000812437 /* BestSellerHeader.swift */ = {isa = PBXFileReference; lastKnownFileType = sourcecode.swift; path = BestSellerHeader.swift; sourceTree = "<group>"; };
		84E91257294A3A3700812437 /* BestSellerCell.swift */ = {isa = PBXFileReference; lastKnownFileType = sourcecode.swift; path = BestSellerCell.swift; sourceTree = "<group>"; };
/* End PBXFileReference section */

/* Begin PBXFrameworksBuildPhase section */
		843954BD2941FCBE00651BAC /* Frameworks */ = {
			isa = PBXFrameworksBuildPhase;
			buildActionMask = 2147483647;
			files = (
			);
			runOnlyForDeploymentPostprocessing = 0;
		};
/* End PBXFrameworksBuildPhase section */

/* Begin PBXGroup section */
		843954B72941FCBE00651BAC = {
			isa = PBXGroup;
			children = (
				843954C22941FCBE00651BAC /* Ecommerce-Concept */,
				843954C12941FCBE00651BAC /* Products */,
			);
			sourceTree = "<group>";
		};
		843954C12941FCBE00651BAC /* Products */ = {
			isa = PBXGroup;
			children = (
				843954C02941FCBE00651BAC /* Ecommerce-Concept.app */,
			);
			name = Products;
			sourceTree = "<group>";
		};
		843954C22941FCBE00651BAC /* Ecommerce-Concept */ = {
			isa = PBXGroup;
			children = (
				84E9124B294A390300812437 /* Sources */,
				84E9124A294A38D000812437 /* Resources */,
			);
			path = "Ecommerce-Concept";
			sourceTree = "<group>";
		};
		8469A854294DCDF400FFA281 /* Fonts */ = {
			isa = PBXGroup;
			children = (
				8469A858294DCE8900FFA281 /* MarkPro-Bold.ttf */,
				8469A85A294DCE8900FFA281 /* MarkPro-Heavy.ttf */,
				8469A857294DCE8900FFA281 /* MarkPro-Medium.ttf */,
				8469A859294DCE8900FFA281 /* MarkPro-Regular.ttf */,
			);
			path = Fonts;
			sourceTree = "<group>";
		};
		8469A865294DDE8B00FFA281 /* CustomViews */ = {
			isa = PBXGroup;
			children = (
				8469A861294DD69100FFA281 /* CustomButton.swift */,
			);
			path = CustomViews;
			sourceTree = "<group>";
		};
		84E9124A294A38D000812437 /* Resources */ = {
			isa = PBXGroup;
			children = (
				8469A854294DCDF400FFA281 /* Fonts */,
				843954D12941FCBF00651BAC /* Info.plist */,
				843954CC2941FCBF00651BAC /* Assets.xcassets */,
				843954CE2941FCBF00651BAC /* LaunchScreen.storyboard */,
			);
			path = Resources;
			sourceTree = "<group>";
		};
		84E9124B294A390300812437 /* Sources */ = {
			isa = PBXGroup;
			children = (
				84E9124C294A390A00812437 /* App */,
				84E9124D294A390F00812437 /* Scenes */,
			);
			path = Sources;
			sourceTree = "<group>";
		};
		84E9124C294A390A00812437 /* App */ = {
			isa = PBXGroup;
			children = (
				843954C32941FCBE00651BAC /* AppDelegate.swift */,
			);
			path = App;
			sourceTree = "<group>";
		};
		84E9124D294A390F00812437 /* Scenes */ = {
			isa = PBXGroup;
			children = (
				8469A865294DDE8B00FFA281 /* CustomViews */,
				84E91254294A397600812437 /* Extensions */,
				84E9124E294A391D00812437 /* SelecCategoryScene */,
			);
			path = Scenes;
			sourceTree = "<group>";
		};
		84E9124E294A391D00812437 /* SelecCategoryScene */ = {
			isa = PBXGroup;
			children = (
				84E91251294A394B00812437 /* Model */,
				84E9124F294A393D00812437 /* View */,
			);
			path = SelecCategoryScene;
			sourceTree = "<group>";
		};
		84E9124F294A393D00812437 /* View */ = {
			isa = PBXGroup;
			children = (
				843954C72941FCBE00651BAC /* SelectCategoryViewController.swift */,
				84E9123A2949FFCD00812437 /* SelectCategoriesViewController+Metrics.swift */,
				84E91253294A395C00812437 /* Headers&Footers */,
				84E91252294A395500812437 /* Cells */,
			);
			path = View;
			sourceTree = "<group>";
		};
		84E91251294A394B00812437 /* Model */ = {
			isa = PBXGroup;
			children = (
				84E91248294A17CA00812437 /* ItemModel.swift */,
				84DD1FA5294CB6EE009C766F /* SectionModel.swift */,
			);
			path = Model;
			sourceTree = "<group>";
		};
		84E91252294A395500812437 /* Cells */ = {
			isa = PBXGroup;
			children = (
				84E91244294A0F5C00812437 /* HotSalesCell.swift */,
				84E9123C2949FFEC00812437 /* SelectCategoryCell.swift */,
				84E91257294A3A3700812437 /* BestSellerCell.swift */,
			);
			path = Cells;
			sourceTree = "<group>";
		};
		84E91253294A395C00812437 /* Headers&Footers */ = {
			isa = PBXGroup;
			children = (
				84E91246294A113400812437 /* SelectCategoryFooter.swift */,
				84E91242294A0F2B00812437 /* HotSalesHeader.swift */,
				84E9123E294A000900812437 /* SelectCategoryHeader.swift */,
				84E91255294A39B000812437 /* BestSellerHeader.swift */,
			);
			path = "Headers&Footers";
			sourceTree = "<group>";
		};
		84E91254294A397600812437 /* Extensions */ = {
			isa = PBXGroup;
			children = (
				8469A85F294DCFBE00FFA281 /* UIFont+Extension.swift */,
				84E91240294A005100812437 /* UIView+Extension.swift */,
				8469A84E294DC83F00FFA281 /* UIStackView+Exension.swift */,
				8469A850294DC90100FFA281 /* UIColor+Extension.swift */,
				8469A852294DCD1800FFA281 /* UILabel+Extension.swift */,
				8469A863294DD95800FFA281 /* UIImageView+Extension.swift */,
				8469A866294DDE9C00FFA281 /* UIButton+Extension.swift */,
				84A33C9A2950A5970019BB1E /* Int+Extension.swift */,
			);
			path = Extensions;
			sourceTree = "<group>";
		};
/* End PBXGroup section */

/* Begin PBXNativeTarget section */
		843954BF2941FCBE00651BAC /* Ecommerce-Concept */ = {
			isa = PBXNativeTarget;
			buildConfigurationList = 843954D42941FCBF00651BAC /* Build configuration list for PBXNativeTarget "Ecommerce-Concept" */;
			buildPhases = (
				843954BC2941FCBE00651BAC /* Sources */,
				843954BD2941FCBE00651BAC /* Frameworks */,
				843954BE2941FCBE00651BAC /* Resources */,
			);
			buildRules = (
			);
			dependencies = (
			);
			name = "Ecommerce-Concept";
			productName = "Ecommerce-Concept";
			productReference = 843954C02941FCBE00651BAC /* Ecommerce-Concept.app */;
			productType = "com.apple.product-type.application";
		};
/* End PBXNativeTarget section */

/* Begin PBXProject section */
		843954B82941FCBE00651BAC /* Project object */ = {
			isa = PBXProject;
			attributes = {
				BuildIndependentTargetsInParallel = 1;
				LastSwiftUpdateCheck = 1340;
				LastUpgradeCheck = 1340;
				TargetAttributes = {
					843954BF2941FCBE00651BAC = {
						CreatedOnToolsVersion = 13.4.1;
					};
				};
			};
			buildConfigurationList = 843954BB2941FCBE00651BAC /* Build configuration list for PBXProject "Ecommerce-Concept" */;
			compatibilityVersion = "Xcode 13.0";
			developmentRegion = en;
			hasScannedForEncodings = 0;
			knownRegions = (
				en,
				Base,
			);
			mainGroup = 843954B72941FCBE00651BAC;
			productRefGroup = 843954C12941FCBE00651BAC /* Products */;
			projectDirPath = "";
			projectRoot = "";
			targets = (
				843954BF2941FCBE00651BAC /* Ecommerce-Concept */,
			);
		};
/* End PBXProject section */

/* Begin PBXResourcesBuildPhase section */
		843954BE2941FCBE00651BAC /* Resources */ = {
			isa = PBXResourcesBuildPhase;
			buildActionMask = 2147483647;
			files = (
				843954D02941FCBF00651BAC /* LaunchScreen.storyboard in Resources */,
				8469A85D294DCE8900FFA281 /* MarkPro-Regular.ttf in Resources */,
				843954CD2941FCBF00651BAC /* Assets.xcassets in Resources */,
				8469A85E294DCE8900FFA281 /* MarkPro-Heavy.ttf in Resources */,
				8469A85C294DCE8900FFA281 /* MarkPro-Bold.ttf in Resources */,
				8469A85B294DCE8900FFA281 /* MarkPro-Medium.ttf in Resources */,
			);
			runOnlyForDeploymentPostprocessing = 0;
		};
/* End PBXResourcesBuildPhase section */

/* Begin PBXSourcesBuildPhase section */
		843954BC2941FCBE00651BAC /* Sources */ = {
			isa = PBXSourcesBuildPhase;
			buildActionMask = 2147483647;
			files = (
				8469A853294DCD1800FFA281 /* UILabel+Extension.swift in Sources */,
				84E91249294A17CA00812437 /* ItemModel.swift in Sources */,
				84E91245294A0F5C00812437 /* HotSalesCell.swift in Sources */,
				84E91241294A005100812437 /* UIView+Extension.swift in Sources */,
				84E9123B2949FFCD00812437 /* SelectCategoriesViewController+Metrics.swift in Sources */,
				84A33C9B2950A5970019BB1E /* Int+Extension.swift in Sources */,
				8469A862294DD69100FFA281 /* CustomButton.swift in Sources */,
				8469A864294DD95800FFA281 /* UIImageView+Extension.swift in Sources */,
				84E91258294A3A3700812437 /* BestSellerCell.swift in Sources */,
				84DD1FA6294CB6EE009C766F /* SectionModel.swift in Sources */,
				8469A860294DCFBE00FFA281 /* UIFont+Extension.swift in Sources */,
				84E91247294A113400812437 /* SelectCategoryFooter.swift in Sources */,
				8469A84F294DC83F00FFA281 /* UIStackView+Exension.swift in Sources */,
				8469A851294DC90100FFA281 /* UIColor+Extension.swift in Sources */,
				84E9123D2949FFEC00812437 /* SelectCategoryCell.swift in Sources */,
				84E91243294A0F2B00812437 /* HotSalesHeader.swift in Sources */,
				843954C82941FCBE00651BAC /* SelectCategoryViewController.swift in Sources */,
				84E91256294A39B000812437 /* BestSellerHeader.swift in Sources */,
				84E9123F294A000900812437 /* SelectCategoryHeader.swift in Sources */,
				843954C42941FCBE00651BAC /* AppDelegate.swift in Sources */,
				8469A867294DDE9C00FFA281 /* UIButton+Extension.swift in Sources */,
			);
			runOnlyForDeploymentPostprocessing = 0;
		};
/* End PBXSourcesBuildPhase section */

/* Begin PBXVariantGroup section */
		843954CE2941FCBF00651BAC /* LaunchScreen.storyboard */ = {
			isa = PBXVariantGroup;
			children = (
				843954CF2941FCBF00651BAC /* Base */,
			);
			name = LaunchScreen.storyboard;
			sourceTree = "<group>";
		};
/* End PBXVariantGroup section */

/* Begin XCBuildConfiguration section */
		843954D22941FCBF00651BAC /* Debug */ = {
			isa = XCBuildConfiguration;
			buildSettings = {
				ALWAYS_SEARCH_USER_PATHS = NO;
				CLANG_ANALYZER_NONNULL = YES;
				CLANG_ANALYZER_NUMBER_OBJECT_CONVERSION = YES_AGGRESSIVE;
				CLANG_CXX_LANGUAGE_STANDARD = "gnu++17";
				CLANG_ENABLE_MODULES = YES;
				CLANG_ENABLE_OBJC_ARC = YES;
				CLANG_ENABLE_OBJC_WEAK = YES;
				CLANG_WARN_BLOCK_CAPTURE_AUTORELEASING = YES;
				CLANG_WARN_BOOL_CONVERSION = YES;
				CLANG_WARN_COMMA = YES;
				CLANG_WARN_CONSTANT_CONVERSION = YES;
				CLANG_WARN_DEPRECATED_OBJC_IMPLEMENTATIONS = YES;
				CLANG_WARN_DIRECT_OBJC_ISA_USAGE = YES_ERROR;
				CLANG_WARN_DOCUMENTATION_COMMENTS = YES;
				CLANG_WARN_EMPTY_BODY = YES;
				CLANG_WARN_ENUM_CONVERSION = YES;
				CLANG_WARN_INFINITE_RECURSION = YES;
				CLANG_WARN_INT_CONVERSION = YES;
				CLANG_WARN_NON_LITERAL_NULL_CONVERSION = YES;
				CLANG_WARN_OBJC_IMPLICIT_RETAIN_SELF = YES;
				CLANG_WARN_OBJC_LITERAL_CONVERSION = YES;
				CLANG_WARN_OBJC_ROOT_CLASS = YES_ERROR;
				CLANG_WARN_QUOTED_INCLUDE_IN_FRAMEWORK_HEADER = YES;
				CLANG_WARN_RANGE_LOOP_ANALYSIS = YES;
				CLANG_WARN_STRICT_PROTOTYPES = YES;
				CLANG_WARN_SUSPICIOUS_MOVE = YES;
				CLANG_WARN_UNGUARDED_AVAILABILITY = YES_AGGRESSIVE;
				CLANG_WARN_UNREACHABLE_CODE = YES;
				CLANG_WARN__DUPLICATE_METHOD_MATCH = YES;
				COPY_PHASE_STRIP = NO;
				DEBUG_INFORMATION_FORMAT = dwarf;
				ENABLE_STRICT_OBJC_MSGSEND = YES;
				ENABLE_TESTABILITY = YES;
				GCC_C_LANGUAGE_STANDARD = gnu11;
				GCC_DYNAMIC_NO_PIC = NO;
				GCC_NO_COMMON_BLOCKS = YES;
				GCC_OPTIMIZATION_LEVEL = 0;
				GCC_PREPROCESSOR_DEFINITIONS = (
					"DEBUG=1",
					"$(inherited)",
				);
				GCC_WARN_64_TO_32_BIT_CONVERSION = YES;
				GCC_WARN_ABOUT_RETURN_TYPE = YES_ERROR;
				GCC_WARN_UNDECLARED_SELECTOR = YES;
				GCC_WARN_UNINITIALIZED_AUTOS = YES_AGGRESSIVE;
				GCC_WARN_UNUSED_FUNCTION = YES;
				GCC_WARN_UNUSED_VARIABLE = YES;
				IPHONEOS_DEPLOYMENT_TARGET = 15.5;
				MTL_ENABLE_DEBUG_INFO = INCLUDE_SOURCE;
				MTL_FAST_MATH = YES;
				ONLY_ACTIVE_ARCH = YES;
				SDKROOT = iphoneos;
				SWIFT_ACTIVE_COMPILATION_CONDITIONS = DEBUG;
				SWIFT_OPTIMIZATION_LEVEL = "-Onone";
			};
			name = Debug;
		};
		843954D32941FCBF00651BAC /* Release */ = {
			isa = XCBuildConfiguration;
			buildSettings = {
				ALWAYS_SEARCH_USER_PATHS = NO;
				CLANG_ANALYZER_NONNULL = YES;
				CLANG_ANALYZER_NUMBER_OBJECT_CONVERSION = YES_AGGRESSIVE;
				CLANG_CXX_LANGUAGE_STANDARD = "gnu++17";
				CLANG_ENABLE_MODULES = YES;
				CLANG_ENABLE_OBJC_ARC = YES;
				CLANG_ENABLE_OBJC_WEAK = YES;
				CLANG_WARN_BLOCK_CAPTURE_AUTORELEASING = YES;
				CLANG_WARN_BOOL_CONVERSION = YES;
				CLANG_WARN_COMMA = YES;
				CLANG_WARN_CONSTANT_CONVERSION = YES;
				CLANG_WARN_DEPRECATED_OBJC_IMPLEMENTATIONS = YES;
				CLANG_WARN_DIRECT_OBJC_ISA_USAGE = YES_ERROR;
				CLANG_WARN_DOCUMENTATION_COMMENTS = YES;
				CLANG_WARN_EMPTY_BODY = YES;
				CLANG_WARN_ENUM_CONVERSION = YES;
				CLANG_WARN_INFINITE_RECURSION = YES;
				CLANG_WARN_INT_CONVERSION = YES;
				CLANG_WARN_NON_LITERAL_NULL_CONVERSION = YES;
				CLANG_WARN_OBJC_IMPLICIT_RETAIN_SELF = YES;
				CLANG_WARN_OBJC_LITERAL_CONVERSION = YES;
				CLANG_WARN_OBJC_ROOT_CLASS = YES_ERROR;
				CLANG_WARN_QUOTED_INCLUDE_IN_FRAMEWORK_HEADER = YES;
				CLANG_WARN_RANGE_LOOP_ANALYSIS = YES;
				CLANG_WARN_STRICT_PROTOTYPES = YES;
				CLANG_WARN_SUSPICIOUS_MOVE = YES;
				CLANG_WARN_UNGUARDED_AVAILABILITY = YES_AGGRESSIVE;
				CLANG_WARN_UNREACHABLE_CODE = YES;
				CLANG_WARN__DUPLICATE_METHOD_MATCH = YES;
				COPY_PHASE_STRIP = NO;
				DEBUG_INFORMATION_FORMAT = "dwarf-with-dsym";
				ENABLE_NS_ASSERTIONS = NO;
				ENABLE_STRICT_OBJC_MSGSEND = YES;
				GCC_C_LANGUAGE_STANDARD = gnu11;
				GCC_NO_COMMON_BLOCKS = YES;
				GCC_WARN_64_TO_32_BIT_CONVERSION = YES;
				GCC_WARN_ABOUT_RETURN_TYPE = YES_ERROR;
				GCC_WARN_UNDECLARED_SELECTOR = YES;
				GCC_WARN_UNINITIALIZED_AUTOS = YES_AGGRESSIVE;
				GCC_WARN_UNUSED_FUNCTION = YES;
				GCC_WARN_UNUSED_VARIABLE = YES;
				IPHONEOS_DEPLOYMENT_TARGET = 15.5;
				MTL_ENABLE_DEBUG_INFO = NO;
				MTL_FAST_MATH = YES;
				SDKROOT = iphoneos;
				SWIFT_COMPILATION_MODE = wholemodule;
				SWIFT_OPTIMIZATION_LEVEL = "-O";
				VALIDATE_PRODUCT = YES;
			};
			name = Release;
		};
		843954D52941FCBF00651BAC /* Debug */ = {
			isa = XCBuildConfiguration;
			buildSettings = {
				ASSETCATALOG_COMPILER_APPICON_NAME = AppIcon;
				ASSETCATALOG_COMPILER_GLOBAL_ACCENT_COLOR_NAME = AccentColor;
				CODE_SIGN_STYLE = Automatic;
				CURRENT_PROJECT_VERSION = 1;
				GENERATE_INFOPLIST_FILE = YES;
				INFOPLIST_FILE = "Ecommerce-Concept/Resources/Info.plist";
				INFOPLIST_KEY_UIApplicationSupportsIndirectInputEvents = YES;
				INFOPLIST_KEY_UILaunchStoryboardName = LaunchScreen;
				INFOPLIST_KEY_UISupportedInterfaceOrientations = UIInterfaceOrientationPortrait;
				INFOPLIST_KEY_UISupportedInterfaceOrientations_iPad = "UIInterfaceOrientationPortrait UIInterfaceOrientationPortraitUpsideDown UIInterfaceOrientationLandscapeLeft UIInterfaceOrientationLandscapeRight";
				INFOPLIST_KEY_UISupportedInterfaceOrientations_iPhone = "UIInterfaceOrientationPortrait UIInterfaceOrientationLandscapeLeft UIInterfaceOrientationLandscapeRight";
				LD_RUNPATH_SEARCH_PATHS = (
					"$(inherited)",
					"@executable_path/Frameworks",
				);
				MARKETING_VERSION = 1.0;
				PRODUCT_BUNDLE_IDENTIFIER = "com.example.Ecommerce-Concept";
				PRODUCT_NAME = "$(TARGET_NAME)";
				SWIFT_EMIT_LOC_STRINGS = YES;
				SWIFT_VERSION = 5.0;
				TARGETED_DEVICE_FAMILY = "1,2";
			};
			name = Debug;
		};
		843954D62941FCBF00651BAC /* Release */ = {
			isa = XCBuildConfiguration;
			buildSettings = {
				ASSETCATALOG_COMPILER_APPICON_NAME = AppIcon;
				ASSETCATALOG_COMPILER_GLOBAL_ACCENT_COLOR_NAME = AccentColor;
				CODE_SIGN_STYLE = Automatic;
				CURRENT_PROJECT_VERSION = 1;
				GENERATE_INFOPLIST_FILE = YES;
				INFOPLIST_FILE = "Ecommerce-Concept/Resources/Info.plist";
				INFOPLIST_KEY_UIApplicationSupportsIndirectInputEvents = YES;
				INFOPLIST_KEY_UILaunchStoryboardName = LaunchScreen;
				INFOPLIST_KEY_UISupportedInterfaceOrientations = UIInterfaceOrientationPortrait;
				INFOPLIST_KEY_UISupportedInterfaceOrientations_iPad = "UIInterfaceOrientationPortrait UIInterfaceOrientationPortraitUpsideDown UIInterfaceOrientationLandscapeLeft UIInterfaceOrientationLandscapeRight";
				INFOPLIST_KEY_UISupportedInterfaceOrientations_iPhone = "UIInterfaceOrientationPortrait UIInterfaceOrientationLandscapeLeft UIInterfaceOrientationLandscapeRight";
				LD_RUNPATH_SEARCH_PATHS = (
					"$(inherited)",
					"@executable_path/Frameworks",
				);
				MARKETING_VERSION = 1.0;
				PRODUCT_BUNDLE_IDENTIFIER = "com.example.Ecommerce-Concept";
				PRODUCT_NAME = "$(TARGET_NAME)";
				SWIFT_EMIT_LOC_STRINGS = YES;
				SWIFT_VERSION = 5.0;
				TARGETED_DEVICE_FAMILY = "1,2";
			};
			name = Release;
		};
/* End XCBuildConfiguration section */

/* Begin XCConfigurationList section */
		843954BB2941FCBE00651BAC /* Build configuration list for PBXProject "Ecommerce-Concept" */ = {
			isa = XCConfigurationList;
			buildConfigurations = (
				843954D22941FCBF00651BAC /* Debug */,
				843954D32941FCBF00651BAC /* Release */,
			);
			defaultConfigurationIsVisible = 0;
			defaultConfigurationName = Release;
		};
		843954D42941FCBF00651BAC /* Build configuration list for PBXNativeTarget "Ecommerce-Concept" */ = {
			isa = XCConfigurationList;
			buildConfigurations = (
				843954D52941FCBF00651BAC /* Debug */,
				843954D62941FCBF00651BAC /* Release */,
			);
			defaultConfigurationIsVisible = 0;
			defaultConfigurationName = Release;
		};
/* End XCConfigurationList section */
	};
	rootObject = 843954B82941FCBE00651BAC /* Project object */;
}
